
Microsoft Visual Studio Solution File, Format Version 12.00
# Visual Studio Version 17
VisualStudioVersion = 17.0.32112.339
MinimumVisualStudioVersion = 10.0.40219.1
Project("{9A19103F-16F7-4668-BE54-9A1E7A4F7556}") = "GT.Trace.UI.Console", "GT.Trace.UI.Console\GT.Trace.UI.Console.csproj", "{A2035DDD-D509-4904-A771-B9EAA4D9CFA3}"
EndProject
Project("{9A19103F-16F7-4668-BE54-9A1E7A4F7556}") = "GT.Trace.Domain", "GT.Trace.Domain\GT.Trace.Domain.csproj", "{EC909A49-3481-4E2C-BF25-F3A42020AB55}"
EndProject
Project("{9A19103F-16F7-4668-BE54-9A1E7A4F7556}") = "GT.Trace.Infra", "GT.Trace.Infra\GT.Trace.Infra.csproj", "{818F970F-9516-476A-87FA-2288A33B1AAC}"
EndProject
Project("{9A19103F-16F7-4668-BE54-9A1E7A4F7556}") = "GT.Trace.App", "GT.Trace.App\GT.Trace.App.csproj", "{65499471-CAFD-4C18-AEEC-896255C87DA4}"
EndProject
Project("{9A19103F-16F7-4668-BE54-9A1E7A4F7556}") = "GT.Trace.UI.MaterialLoadingWebApi", "GT.Trace.UI.MaterialLoadingWebApi\GT.Trace.UI.MaterialLoadingWebApi.csproj", "{FD9B73E9-4F86-4E4E-B83A-E856143EF467}"
EndProject
Project("{E24C65DC-7377-472B-9ABA-BC803B73C61A}") = "GT.Trace.UI.MaterialLoadingWebClient", "GT.Trace.UI.MaterialLoadingWebClient\", "{74D8067E-9BC1-4BCE-822E-265853924E50}"
	ProjectSection(WebsiteProperties) = preProject
		TargetFrameworkMoniker = ".NETFramework,Version%3Dv4.7.2"
		Debug.AspNetCompiler.VirtualPath = "/localhost_64964"
		Debug.AspNetCompiler.PhysicalPath = "GT.Trace.UI.MaterialLoadingWebClient\"
		Debug.AspNetCompiler.TargetPath = "PrecompiledWeb\localhost_64964\"
		Debug.AspNetCompiler.Updateable = "true"
		Debug.AspNetCompiler.ForceOverwrite = "true"
		Debug.AspNetCompiler.FixedNames = "false"
		Debug.AspNetCompiler.Debug = "True"
		Release.AspNetCompiler.VirtualPath = "/localhost_64964"
		Release.AspNetCompiler.PhysicalPath = "GT.Trace.UI.MaterialLoadingWebClient\"
		Release.AspNetCompiler.TargetPath = "PrecompiledWeb\localhost_64964\"
		Release.AspNetCompiler.Updateable = "true"
		Release.AspNetCompiler.ForceOverwrite = "true"
		Release.AspNetCompiler.FixedNames = "false"
		Release.AspNetCompiler.Debug = "False"
		VWDPort = "64964"
		SlnRelativePath = "GT.Trace.UI.MaterialLoadingWebClient\"
		DefaultWebSiteLanguage = "Visual C#"
	EndProjectSection
EndProject
Project("{E24C65DC-7377-472B-9ABA-BC803B73C61A}") = "GT.Trace.UI.AssemblyWebClient", "GT.Trace.UI.AssemblyWebClient\", "{86791DEF-EED8-4E12-AB83-08EF3B3986E1}"
	ProjectSection(WebsiteProperties) = preProject
		TargetFrameworkMoniker = ".NETFramework,Version%3Dv4.7.2"
		Debug.AspNetCompiler.VirtualPath = "/localhost_63873"
		Debug.AspNetCompiler.PhysicalPath = "GT.Trace.UI.AssemblyWebClient\"
		Debug.AspNetCompiler.TargetPath = "PrecompiledWeb\localhost_63873\"
		Debug.AspNetCompiler.Updateable = "true"
		Debug.AspNetCompiler.ForceOverwrite = "true"
		Debug.AspNetCompiler.FixedNames = "false"
		Debug.AspNetCompiler.Debug = "True"
		Release.AspNetCompiler.VirtualPath = "/localhost_63873"
		Release.AspNetCompiler.PhysicalPath = "GT.Trace.UI.AssemblyWebClient\"
		Release.AspNetCompiler.TargetPath = "PrecompiledWeb\localhost_63873\"
		Release.AspNetCompiler.Updateable = "true"
		Release.AspNetCompiler.ForceOverwrite = "true"
		Release.AspNetCompiler.FixedNames = "false"
		Release.AspNetCompiler.Debug = "False"
		VWDPort = "63873"
		SlnRelativePath = "GT.Trace.UI.AssemblyWebClient\"
		DefaultWebSiteLanguage = "Visual C#"
	EndProjectSection
EndProject
Project("{9A19103F-16F7-4668-BE54-9A1E7A4F7556}") = "GT.Trace.UI.CegidRadioWebApi", "GT.Trace.UI.CegidRadioWebApi\GT.Trace.UI.CegidRadioWebApi.csproj", "{8E0AB751-3C71-41FE-A183-D5C6FF3A97D2}"
EndProject
Project("{9A19103F-16F7-4668-BE54-9A1E7A4F7556}") = "GT.Trace.Packaging.UI.PackagingWebApi", "GT.Trace.Packaging.UI.PackagingWebApi\GT.Trace.Packaging.UI.PackagingWebApi.csproj", "{8BE066DF-1506-48D4-9357-B13F8A9C0574}"
EndProject
Project("{2150E333-8FDC-42A3-9474-1A3956D46DE8}") = "Common", "Common", "{600D3039-28A2-4C66-80B0-4E050D5DEF29}"
EndProject
Project("{2150E333-8FDC-42A3-9474-1A3956D46DE8}") = "MaterialLoading", "MaterialLoading", "{BAEB41C6-0DE6-468F-876F-BDAE68406CF2}"
EndProject
Project("{2150E333-8FDC-42A3-9474-1A3956D46DE8}") = "Assembly", "Assembly", "{50A623B7-8245-4570-A168-D167671770E2}"
EndProject
Project("{9A19103F-16F7-4668-BE54-9A1E7A4F7556}") = "GT.Trace.Packaging.App", "GT.Trace.Packaging.App\GT.Trace.Packaging.App.csproj", "{B3104843-5338-482B-A272-19362ADE7AB4}"
EndProject
Project("{9A19103F-16F7-4668-BE54-9A1E7A4F7556}") = "GT.Trace.Packaging.Domain", "GT.Trace.Packaging.Domain\GT.Trace.Packaging.Domain.csproj", "{9E38A5F6-E28D-4E8F-A874-32337DD744F3}"
EndProject
Project("{9A19103F-16F7-4668-BE54-9A1E7A4F7556}") = "GT.Trace.Packaging.Infra", "GT.Trace.Packaging.Infra\GT.Trace.Packaging.Infra.csproj", "{327A8776-69EC-4E2D-A61A-DD496E1E87CB}"
EndProject
Project("{9A19103F-16F7-4668-BE54-9A1E7A4F7556}") = "GT.Trace.Common", "GT.Trace.Common\GT.Trace.Common.csproj", "{DF780829-B4FF-41A2-8159-E03B0030BC2D}"
EndProject
Project("{E24C65DC-7377-472B-9ABA-BC803B73C61A}") = "GT.Trace.Packaging.UI.PackagingSpaClient", "GT.Trace.Packaging.UI.PackagingSpaClient\", "{2D1AE720-3B08-4BF1-B47B-A1360DCBEE83}"
	ProjectSection(WebsiteProperties) = preProject
		TargetFrameworkMoniker = ".NETFramework,Version%3Dv4.7.2"
		Debug.AspNetCompiler.VirtualPath = "/localhost_60055"
		Debug.AspNetCompiler.PhysicalPath = "GT.Trace.Packaging.UI.PackagingSpaClient\"
		Debug.AspNetCompiler.TargetPath = "PrecompiledWeb\localhost_60055\"
		Debug.AspNetCompiler.Updateable = "true"
		Debug.AspNetCompiler.ForceOverwrite = "true"
		Debug.AspNetCompiler.FixedNames = "false"
		Debug.AspNetCompiler.Debug = "True"
		Release.AspNetCompiler.VirtualPath = "/localhost_60055"
		Release.AspNetCompiler.PhysicalPath = "GT.Trace.Packaging.UI.PackagingSpaClient\"
		Release.AspNetCompiler.TargetPath = "PrecompiledWeb\localhost_60055\"
		Release.AspNetCompiler.Updateable = "true"
		Release.AspNetCompiler.ForceOverwrite = "true"
		Release.AspNetCompiler.FixedNames = "false"
		Release.AspNetCompiler.Debug = "False"
		VWDPort = "60055"
		SlnRelativePath = "GT.Trace.Packaging.UI.PackagingSpaClient\"
		DefaultWebSiteLanguage = "Visual C#"
	EndProjectSection
EndProject
Project("{9A19103F-16F7-4668-BE54-9A1E7A4F7556}") = "GT.Trace.UI.CommonWebApi", "GT.Trace.UI.CommonWebApi\GT.Trace.UI.CommonWebApi.csproj", "{BBCC1497-F609-4316-A377-548C6BACA7DD}"
EndProject
Project("{9A19103F-16F7-4668-BE54-9A1E7A4F7556}") = "GT.Trace.Etis.UI.WebApi", "GT.Trace.Etis.UI.WebApi\GT.Trace.Etis.UI.WebApi.csproj", "{55CD6FD0-67DC-4572-983F-5C78747BF17E}"
EndProject
Project("{9A19103F-16F7-4668-BE54-9A1E7A4F7556}") = "GT.Trace.Etis.App", "GT.Trace.Etis.App\GT.Trace.Etis.App.csproj", "{68C54413-7B5E-4438-BDD8-E7B431DF7745}"
EndProject
Project("{9A19103F-16F7-4668-BE54-9A1E7A4F7556}") = "GT.Trace.Etis.Infra", "GT.Trace.Etis.Infra\GT.Trace.Etis.Infra.csproj", "{80522340-3912-40AE-905A-AADD49CC570A}"
EndProject
Project("{9A19103F-16F7-4668-BE54-9A1E7A4F7556}") = "GT.Trace.Etis.Domain", "GT.Trace.Etis.Domain\GT.Trace.Etis.Domain.csproj", "{4460943E-4BF6-4C3C-B04F-2950FEFB33FF}"
EndProject
Project("{2150E333-8FDC-42A3-9474-1A3956D46DE8}") = "Etis", "Etis", "{0DE82D59-8915-4E84-A511-18745EC0A55F}"
EndProject
Project("{2150E333-8FDC-42A3-9474-1A3956D46DE8}") = "Packaging", "Packaging", "{04CBCAEE-5CDD-43CD-AB11-760C19CA2C38}"
EndProject
Project("{9A19103F-16F7-4668-BE54-9A1E7A4F7556}") = "GT.Trace.EtiMovements.Domain", "GT.Trace.EtiMovements.Domain\GT.Trace.EtiMovements.Domain.csproj", "{7C6EE466-E47F-41AD-B1FC-9F996BB5A0A3}"
EndProject
Project("{9A19103F-16F7-4668-BE54-9A1E7A4F7556}") = "GT.Trace.EtiMovements.App", "GT.Trace.EtiMovements.App\GT.Trace.EtiMovements.App.csproj", "{0D876AFA-CE87-44C1-A071-9930552CEA23}"
EndProject
Project("{9A19103F-16F7-4668-BE54-9A1E7A4F7556}") = "GT.Trace.EtiMovements.Infra", "GT.Trace.EtiMovements.Infra\GT.Trace.EtiMovements.Infra.csproj", "{30937AEF-1074-4ED1-9AD6-8DC1F755D524}"
EndProject
Project("{9A19103F-16F7-4668-BE54-9A1E7A4F7556}") = "GT.Trace.EtiMovements.UI.WebApi", "GT.Trace.EtiMovements.UI.WebApi\GT.Trace.EtiMovements.UI.WebApi.csproj", "{0CFE66C2-95B7-4E4B-8B61-577AFABF36FD}"
EndProject
Project("{2150E333-8FDC-42A3-9474-1A3956D46DE8}") = "EtiMovements", "EtiMovements", "{FDECC934-DB10-45AC-B276-A4F8B5BA9887}"
EndProject
Project("{E24C65DC-7377-472B-9ABA-BC803B73C61A}") = "GT.Trace.Changeover.UI.ChangeoverSpaClient", "GT.Trace.Changeover.UI.ChangeoverSpaClient\", "{0CE732BB-C823-4A5E-96BF-0D902995A1FE}"
	ProjectSection(WebsiteProperties) = preProject
		TargetFrameworkMoniker = ".NETFramework,Version%3Dv4.7.2"
		Debug.AspNetCompiler.VirtualPath = "/localhost_61916"
		Debug.AspNetCompiler.PhysicalPath = "GT.Trace.Changeover.UI.ChangeoverSpaClient\"
		Debug.AspNetCompiler.TargetPath = "PrecompiledWeb\localhost_61916\"
		Debug.AspNetCompiler.Updateable = "true"
		Debug.AspNetCompiler.ForceOverwrite = "true"
		Debug.AspNetCompiler.FixedNames = "false"
		Debug.AspNetCompiler.Debug = "True"
		Release.AspNetCompiler.VirtualPath = "/localhost_61916"
		Release.AspNetCompiler.PhysicalPath = "GT.Trace.Changeover.UI.ChangeoverSpaClient\"
		Release.AspNetCompiler.TargetPath = "PrecompiledWeb\localhost_61916\"
		Release.AspNetCompiler.Updateable = "true"
		Release.AspNetCompiler.ForceOverwrite = "true"
		Release.AspNetCompiler.FixedNames = "false"
		Release.AspNetCompiler.Debug = "False"
		VWDPort = "61916"
		SlnRelativePath = "GT.Trace.Changeover.UI.ChangeoverSpaClient\"
		DefaultWebSiteLanguage = "Visual C#"
	EndProjectSection
EndProject
Project("{9A19103F-16F7-4668-BE54-9A1E7A4F7556}") = "GT.Trace.Changeover.UI.HttpApi", "GT.Trace.Changeover.UI.HttpApi\GT.Trace.Changeover.UI.HttpApi.csproj", "{2F7CA460-CB2A-48AB-BFA6-8C9261CA4A01}"
EndProject
Project("{2150E333-8FDC-42A3-9474-1A3956D46DE8}") = "Changeover", "Changeover", "{99B95895-2723-43F5-8CBE-1FE5E4DC1374}"
EndProject
Project("{9A19103F-16F7-4668-BE54-9A1E7A4F7556}") = "GT.Trace.Changeover.App", "GT.Trace.Changeover.App\GT.Trace.Changeover.App.csproj", "{C60F3CBF-E6C1-48CD-844A-71529F97850F}"
EndProject
Project("{9A19103F-16F7-4668-BE54-9A1E7A4F7556}") = "GT.Trace.Changeover.Infra", "GT.Trace.Changeover.Infra\GT.Trace.Changeover.Infra.csproj", "{FD3EBD3C-3911-4B88-B25E-7E68C2DA99D5}"
EndProject
Project("{9A19103F-16F7-4668-BE54-9A1E7A4F7556}") = "GT.Trace.ProcessHistory.HttpServices", "GT.Trace.ProcessHistory.HttpServices\GT.Trace.ProcessHistory.HttpServices.csproj", "{0C06828A-F0BA-4132-B8E4-08A917A705CB}"
EndProject
Project("{2150E333-8FDC-42A3-9474-1A3956D46DE8}") = "Trace", "Trace", "{0C003E87-1ADA-401A-8B04-175AA9E7B907}"
EndProject
Project("{E24C65DC-7377-472B-9ABA-BC803B73C61A}") = "GT.Trace.UI.TraceWebClient", "GT.Trace.UI.TraceWebClient\", "{E4440D56-58A6-4916-A449-1DB9C294FB6F}"
	ProjectSection(WebsiteProperties) = preProject
		TargetFrameworkMoniker = ".NETFramework,Version%3Dv4.8"
		Debug.AspNetCompiler.VirtualPath = "/localhost_65346"
		Debug.AspNetCompiler.PhysicalPath = "GT.Trace.UI.TraceWebClient\"
		Debug.AspNetCompiler.TargetPath = "PrecompiledWeb\localhost_65346\"
		Debug.AspNetCompiler.Updateable = "true"
		Debug.AspNetCompiler.ForceOverwrite = "true"
		Debug.AspNetCompiler.FixedNames = "false"
		Debug.AspNetCompiler.Debug = "True"
		Release.AspNetCompiler.VirtualPath = "/localhost_65346"
		Release.AspNetCompiler.PhysicalPath = "GT.Trace.UI.TraceWebClient\"
		Release.AspNetCompiler.TargetPath = "PrecompiledWeb\localhost_65346\"
		Release.AspNetCompiler.Updateable = "true"
		Release.AspNetCompiler.ForceOverwrite = "true"
		Release.AspNetCompiler.FixedNames = "false"
		Release.AspNetCompiler.Debug = "False"
		VWDPort = "65346"
		SlnRelativePath = "GT.Trace.UI.TraceWebClient\"
		DefaultWebSiteLanguage = "Visual C#"
	EndProjectSection
EndProject
Project("{9A19103F-16F7-4668-BE54-9A1E7A4F7556}") = "GT.Trace.EventsHistory.HttpServices", "GT.Trace.EventsHistory.HttpServices\GT.Trace.EventsHistory.HttpServices.csproj", "{4C000D8E-BD08-46A9-AA0D-E6686F1E7578}"
EndProject
Project("{9A19103F-16F7-4668-BE54-9A1E7A4F7556}") = "GT.Trace.JoinMotors.HttpServices", "EZ2000Motors\GT.Trace.JoinMotors.HttpServices.csproj", "{0F5164B8-3A3B-4841-8585-4BC5FF46B560}"
EndProject
Project("{E24C65DC-7377-472B-9ABA-BC803B73C61A}") = "GT.Trace.JoinMotorsWebClient", "GT.Trace.JoinMotorsWebClient\", "{11CD614A-4D16-4590-A54A-327D9B8F1404}"
	ProjectSection(WebsiteProperties) = preProject
		TargetFrameworkMoniker = ".NETFramework,Version%3Dv4.8"
		Debug.AspNetCompiler.VirtualPath = "/localhost_51145"
		Debug.AspNetCompiler.PhysicalPath = "GT.Trace.JoinMotorsWebClient\"
		Debug.AspNetCompiler.TargetPath = "PrecompiledWeb\localhost_51145\"
		Debug.AspNetCompiler.Updateable = "true"
		Debug.AspNetCompiler.ForceOverwrite = "true"
		Debug.AspNetCompiler.FixedNames = "false"
		Debug.AspNetCompiler.Debug = "True"
		Release.AspNetCompiler.VirtualPath = "/localhost_51145"
		Release.AspNetCompiler.PhysicalPath = "GT.Trace.JoinMotorsWebClient\"
		Release.AspNetCompiler.TargetPath = "PrecompiledWeb\localhost_51145\"
		Release.AspNetCompiler.Updateable = "true"
		Release.AspNetCompiler.ForceOverwrite = "true"
		Release.AspNetCompiler.FixedNames = "false"
		Release.AspNetCompiler.Debug = "False"
		VWDPort = "51145"
		SlnRelativePath = "GT.Trace.JoinMotorsWebClient\"
		DefaultWebSiteLanguage = "Visual C#"
	EndProjectSection
EndProject
Project("{2150E333-8FDC-42A3-9474-1A3956D46DE8}") = "EzMotors", "EzMotors", "{8EA4C3C7-26F3-431D-82CD-0A5C4F278840}"
EndProject
Project("{2150E333-8FDC-42A3-9474-1A3956D46DE8}") = "ComponentJoining", "ComponentJoining", "{2EC34C47-7E9D-4487-BD47-5E794947BEF1}"
EndProject
Project("{E24C65DC-7377-472B-9ABA-BC803B73C61A}") = "GT.Trace.ComponentJoining", "GT.Trace.ComponentJoining\", "{E0CE35AE-94E6-44CE-A8A5-A1A140D436D4}"
	ProjectSection(WebsiteProperties) = preProject
		TargetFrameworkMoniker = ".NETFramework,Version%3Dv4.8"
		Debug.AspNetCompiler.VirtualPath = "/localhost_55735"
		Debug.AspNetCompiler.PhysicalPath = "GT.Trace.ComponentJoining\"
		Debug.AspNetCompiler.TargetPath = "PrecompiledWeb\localhost_55735\"
		Debug.AspNetCompiler.Updateable = "true"
		Debug.AspNetCompiler.ForceOverwrite = "true"
		Debug.AspNetCompiler.FixedNames = "false"
		Debug.AspNetCompiler.Debug = "True"
		Release.AspNetCompiler.VirtualPath = "/localhost_55735"
		Release.AspNetCompiler.PhysicalPath = "GT.Trace.ComponentJoining\"
		Release.AspNetCompiler.TargetPath = "PrecompiledWeb\localhost_55735\"
		Release.AspNetCompiler.Updateable = "true"
		Release.AspNetCompiler.ForceOverwrite = "true"
		Release.AspNetCompiler.FixedNames = "false"
		Release.AspNetCompiler.Debug = "False"
		VWDPort = "55735"
		SlnRelativePath = "GT.Trace.ComponentJoining\"
		DefaultWebSiteLanguage = "Visual C#"
	EndProjectSection
EndProject
Project("{2150E333-8FDC-42A3-9474-1A3956D46DE8}") = "WagonLoad", "WagonLoad", "{33246BC8-24AD-4BFE-8FC9-089565ECE4C3}"
EndProject
Project("{9A19103F-16F7-4668-BE54-9A1E7A4F7556}") = "GT.Trace.WagonLoad.App", "GT.Trace.WagonLoad.APP\GT.Trace.WagonLoad.App.csproj", "{7798EB88-D6FE-4C75-8823-8EBB8A9F259B}"
	ProjectSection(ProjectDependencies) = postProject
		{22A1EF54-020C-459A-A899-3BEF49A76442} = {22A1EF54-020C-459A-A899-3BEF49A76442}
		{818F970F-9516-476A-87FA-2288A33B1AAC} = {818F970F-9516-476A-87FA-2288A33B1AAC}
		{DF780829-B4FF-41A2-8159-E03B0030BC2D} = {DF780829-B4FF-41A2-8159-E03B0030BC2D}
	EndProjectSection
EndProject
Project("{9A19103F-16F7-4668-BE54-9A1E7A4F7556}") = "GT.Trace.WagonLoad.Domain", "GT.Trace.WagonLoad.Domain\GT.Trace.WagonLoad.Domain.csproj", "{22A1EF54-020C-459A-A899-3BEF49A76442}"
	ProjectSection(ProjectDependencies) = postProject
		{DF780829-B4FF-41A2-8159-E03B0030BC2D} = {DF780829-B4FF-41A2-8159-E03B0030BC2D}
	EndProjectSection
EndProject
Project("{9A19103F-16F7-4668-BE54-9A1E7A4F7556}") = "GT.Trace.WagonLoad.Infra", "GT.Trace.WagonLoad.Infra\GT.Trace.WagonLoad.Infra.csproj", "{F5781B6D-BC05-46D3-9298-A8AF33AC4D40}"
	ProjectSection(ProjectDependencies) = postProject
		{7798EB88-D6FE-4C75-8823-8EBB8A9F259B} = {7798EB88-D6FE-4C75-8823-8EBB8A9F259B}
		{DF780829-B4FF-41A2-8159-E03B0030BC2D} = {DF780829-B4FF-41A2-8159-E03B0030BC2D}
	EndProjectSection
EndProject
Project("{E24C65DC-7377-472B-9ABA-BC803B73C61A}") = "GT.Trace.WagonLoad.UI.WagonLoadSpaClient", "GT.Trace.WagonLoad.UI.WagonLoadSpaClient\", "{1691EA27-6959-42BE-AA06-6ED029343E5A}"
	ProjectSection(WebsiteProperties) = preProject
		TargetFrameworkMoniker = ".NETFramework,Version%3Dv4.7.2"
		Debug.AspNetCompiler.VirtualPath = "/localhost_59081"
		Debug.AspNetCompiler.PhysicalPath = "GT.Trace.WagonLoad.UI.WagonLoadSpaClient\"
		Debug.AspNetCompiler.TargetPath = "PrecompiledWeb\localhost_59081\"
		Debug.AspNetCompiler.Updateable = "true"
		Debug.AspNetCompiler.ForceOverwrite = "true"
		Debug.AspNetCompiler.FixedNames = "false"
		Debug.AspNetCompiler.Debug = "True"
		Release.AspNetCompiler.VirtualPath = "/localhost_59081"
		Release.AspNetCompiler.PhysicalPath = "GT.Trace.WagonLoad.UI.WagonLoadSpaClient\"
		Release.AspNetCompiler.TargetPath = "PrecompiledWeb\localhost_59081\"
		Release.AspNetCompiler.Updateable = "true"
		Release.AspNetCompiler.ForceOverwrite = "true"
		Release.AspNetCompiler.FixedNames = "false"
		Release.AspNetCompiler.Debug = "False"
		VWDPort = "59081"
		DefaultWebSiteLanguage = "Visual C#"
	EndProjectSection
EndProject
Project("{9A19103F-16F7-4668-BE54-9A1E7A4F7556}") = "GT.Trace.WagonLoad.WagonLoadWebApi", "GT.Trace.WagonLoad.WagonLoadWebApi\GT.Trace.WagonLoad.WagonLoadWebApi.csproj", "{C65D02D8-D2BF-49D4-BE9C-F3B44872B808}"
EndProject
Project("{E24C65DC-7377-472B-9ABA-BC803B73C61A}") = "GT.Trace.SaveEzMotorsPinion", "GT.Trace.SaveEzMotorsPinion\", "{4B816191-A4E5-4289-BD83-9407DC82887D}"
	ProjectSection(WebsiteProperties) = preProject
		TargetFrameworkMoniker = ".NETFramework,Version%3Dv4.7.2"
		Debug.AspNetCompiler.VirtualPath = "/localhost_50679"
		Debug.AspNetCompiler.PhysicalPath = "GT.Trace.SaveEzMotorsPinion\"
		Debug.AspNetCompiler.TargetPath = "PrecompiledWeb\localhost_50679\"
		Debug.AspNetCompiler.Updateable = "true"
		Debug.AspNetCompiler.ForceOverwrite = "true"
		Debug.AspNetCompiler.FixedNames = "false"
		Debug.AspNetCompiler.Debug = "True"
		Release.AspNetCompiler.VirtualPath = "/localhost_50679"
		Release.AspNetCompiler.PhysicalPath = "GT.Trace.SaveEzMotorsPinion\"
		Release.AspNetCompiler.TargetPath = "PrecompiledWeb\localhost_50679\"
		Release.AspNetCompiler.Updateable = "true"
		Release.AspNetCompiler.ForceOverwrite = "true"
		Release.AspNetCompiler.FixedNames = "false"
		Release.AspNetCompiler.Debug = "False"
		VWDPort = "50679"
		SlnRelativePath = "GT.Trace.SaveEzMotorsPinion\"
		DefaultWebSiteLanguage = "Visual C#"
	EndProjectSection
EndProject
Global
	GlobalSection(SolutionConfigurationPlatforms) = preSolution
		Debug|Any CPU = Debug|Any CPU
		Release|Any CPU = Release|Any CPU
	EndGlobalSection
	GlobalSection(ProjectConfigurationPlatforms) = postSolution
		{A2035DDD-D509-4904-A771-B9EAA4D9CFA3}.Debug|Any CPU.ActiveCfg = Debug|Any CPU
		{A2035DDD-D509-4904-A771-B9EAA4D9CFA3}.Debug|Any CPU.Build.0 = Debug|Any CPU
		{A2035DDD-D509-4904-A771-B9EAA4D9CFA3}.Release|Any CPU.ActiveCfg = Release|Any CPU
		{A2035DDD-D509-4904-A771-B9EAA4D9CFA3}.Release|Any CPU.Build.0 = Release|Any CPU
		{EC909A49-3481-4E2C-BF25-F3A42020AB55}.Debug|Any CPU.ActiveCfg = Debug|Any CPU
		{EC909A49-3481-4E2C-BF25-F3A42020AB55}.Debug|Any CPU.Build.0 = Debug|Any CPU
		{EC909A49-3481-4E2C-BF25-F3A42020AB55}.Release|Any CPU.ActiveCfg = Release|Any CPU
		{EC909A49-3481-4E2C-BF25-F3A42020AB55}.Release|Any CPU.Build.0 = Release|Any CPU
		{818F970F-9516-476A-87FA-2288A33B1AAC}.Debug|Any CPU.ActiveCfg = Debug|Any CPU
		{818F970F-9516-476A-87FA-2288A33B1AAC}.Debug|Any CPU.Build.0 = Debug|Any CPU
		{818F970F-9516-476A-87FA-2288A33B1AAC}.Release|Any CPU.ActiveCfg = Release|Any CPU
		{818F970F-9516-476A-87FA-2288A33B1AAC}.Release|Any CPU.Build.0 = Release|Any CPU
		{65499471-CAFD-4C18-AEEC-896255C87DA4}.Debug|Any CPU.ActiveCfg = Debug|Any CPU
		{65499471-CAFD-4C18-AEEC-896255C87DA4}.Debug|Any CPU.Build.0 = Debug|Any CPU
		{65499471-CAFD-4C18-AEEC-896255C87DA4}.Release|Any CPU.ActiveCfg = Release|Any CPU
		{65499471-CAFD-4C18-AEEC-896255C87DA4}.Release|Any CPU.Build.0 = Release|Any CPU
		{FD9B73E9-4F86-4E4E-B83A-E856143EF467}.Debug|Any CPU.ActiveCfg = Debug|Any CPU
		{FD9B73E9-4F86-4E4E-B83A-E856143EF467}.Debug|Any CPU.Build.0 = Debug|Any CPU
		{FD9B73E9-4F86-4E4E-B83A-E856143EF467}.Release|Any CPU.ActiveCfg = Release|Any CPU
		{FD9B73E9-4F86-4E4E-B83A-E856143EF467}.Release|Any CPU.Build.0 = Release|Any CPU
		{74D8067E-9BC1-4BCE-822E-265853924E50}.Debug|Any CPU.ActiveCfg = Debug|Any CPU
		{74D8067E-9BC1-4BCE-822E-265853924E50}.Debug|Any CPU.Build.0 = Debug|Any CPU
		{74D8067E-9BC1-4BCE-822E-265853924E50}.Release|Any CPU.ActiveCfg = Debug|Any CPU
		{74D8067E-9BC1-4BCE-822E-265853924E50}.Release|Any CPU.Build.0 = Debug|Any CPU
		{86791DEF-EED8-4E12-AB83-08EF3B3986E1}.Debug|Any CPU.ActiveCfg = Debug|Any CPU
		{86791DEF-EED8-4E12-AB83-08EF3B3986E1}.Debug|Any CPU.Build.0 = Debug|Any CPU
		{86791DEF-EED8-4E12-AB83-08EF3B3986E1}.Release|Any CPU.ActiveCfg = Debug|Any CPU
		{86791DEF-EED8-4E12-AB83-08EF3B3986E1}.Release|Any CPU.Build.0 = Debug|Any CPU
		{8E0AB751-3C71-41FE-A183-D5C6FF3A97D2}.Debug|Any CPU.ActiveCfg = Debug|Any CPU
		{8E0AB751-3C71-41FE-A183-D5C6FF3A97D2}.Debug|Any CPU.Build.0 = Debug|Any CPU
		{8E0AB751-3C71-41FE-A183-D5C6FF3A97D2}.Release|Any CPU.ActiveCfg = Release|Any CPU
		{8E0AB751-3C71-41FE-A183-D5C6FF3A97D2}.Release|Any CPU.Build.0 = Release|Any CPU
		{8BE066DF-1506-48D4-9357-B13F8A9C0574}.Debug|Any CPU.ActiveCfg = Debug|Any CPU
		{8BE066DF-1506-48D4-9357-B13F8A9C0574}.Debug|Any CPU.Build.0 = Debug|Any CPU
		{8BE066DF-1506-48D4-9357-B13F8A9C0574}.Release|Any CPU.ActiveCfg = Release|Any CPU
		{8BE066DF-1506-48D4-9357-B13F8A9C0574}.Release|Any CPU.Build.0 = Release|Any CPU
		{B3104843-5338-482B-A272-19362ADE7AB4}.Debug|Any CPU.ActiveCfg = Debug|Any CPU
		{B3104843-5338-482B-A272-19362ADE7AB4}.Debug|Any CPU.Build.0 = Debug|Any CPU
		{B3104843-5338-482B-A272-19362ADE7AB4}.Release|Any CPU.ActiveCfg = Release|Any CPU
		{B3104843-5338-482B-A272-19362ADE7AB4}.Release|Any CPU.Build.0 = Release|Any CPU
		{9E38A5F6-E28D-4E8F-A874-32337DD744F3}.Debug|Any CPU.ActiveCfg = Debug|Any CPU
		{9E38A5F6-E28D-4E8F-A874-32337DD744F3}.Debug|Any CPU.Build.0 = Debug|Any CPU
		{9E38A5F6-E28D-4E8F-A874-32337DD744F3}.Release|Any CPU.ActiveCfg = Release|Any CPU
		{9E38A5F6-E28D-4E8F-A874-32337DD744F3}.Release|Any CPU.Build.0 = Release|Any CPU
		{327A8776-69EC-4E2D-A61A-DD496E1E87CB}.Debug|Any CPU.ActiveCfg = Debug|Any CPU
		{327A8776-69EC-4E2D-A61A-DD496E1E87CB}.Debug|Any CPU.Build.0 = Debug|Any CPU
		{327A8776-69EC-4E2D-A61A-DD496E1E87CB}.Release|Any CPU.ActiveCfg = Release|Any CPU
		{327A8776-69EC-4E2D-A61A-DD496E1E87CB}.Release|Any CPU.Build.0 = Release|Any CPU
		{DF780829-B4FF-41A2-8159-E03B0030BC2D}.Debug|Any CPU.ActiveCfg = Debug|Any CPU
		{DF780829-B4FF-41A2-8159-E03B0030BC2D}.Debug|Any CPU.Build.0 = Debug|Any CPU
		{DF780829-B4FF-41A2-8159-E03B0030BC2D}.Release|Any CPU.ActiveCfg = Release|Any CPU
		{DF780829-B4FF-41A2-8159-E03B0030BC2D}.Release|Any CPU.Build.0 = Release|Any CPU
		{2D1AE720-3B08-4BF1-B47B-A1360DCBEE83}.Debug|Any CPU.ActiveCfg = Debug|Any CPU
		{2D1AE720-3B08-4BF1-B47B-A1360DCBEE83}.Debug|Any CPU.Build.0 = Debug|Any CPU
		{2D1AE720-3B08-4BF1-B47B-A1360DCBEE83}.Release|Any CPU.ActiveCfg = Debug|Any CPU
		{2D1AE720-3B08-4BF1-B47B-A1360DCBEE83}.Release|Any CPU.Build.0 = Debug|Any CPU
		{BBCC1497-F609-4316-A377-548C6BACA7DD}.Debug|Any CPU.ActiveCfg = Debug|Any CPU
		{BBCC1497-F609-4316-A377-548C6BACA7DD}.Debug|Any CPU.Build.0 = Debug|Any CPU
		{BBCC1497-F609-4316-A377-548C6BACA7DD}.Release|Any CPU.ActiveCfg = Release|Any CPU
		{BBCC1497-F609-4316-A377-548C6BACA7DD}.Release|Any CPU.Build.0 = Release|Any CPU
		{55CD6FD0-67DC-4572-983F-5C78747BF17E}.Debug|Any CPU.ActiveCfg = Debug|Any CPU
		{55CD6FD0-67DC-4572-983F-5C78747BF17E}.Debug|Any CPU.Build.0 = Debug|Any CPU
		{55CD6FD0-67DC-4572-983F-5C78747BF17E}.Release|Any CPU.ActiveCfg = Release|Any CPU
		{55CD6FD0-67DC-4572-983F-5C78747BF17E}.Release|Any CPU.Build.0 = Release|Any CPU
		{68C54413-7B5E-4438-BDD8-E7B431DF7745}.Debug|Any CPU.ActiveCfg = Debug|Any CPU
		{68C54413-7B5E-4438-BDD8-E7B431DF7745}.Debug|Any CPU.Build.0 = Debug|Any CPU
		{68C54413-7B5E-4438-BDD8-E7B431DF7745}.Release|Any CPU.ActiveCfg = Release|Any CPU
		{68C54413-7B5E-4438-BDD8-E7B431DF7745}.Release|Any CPU.Build.0 = Release|Any CPU
		{80522340-3912-40AE-905A-AADD49CC570A}.Debug|Any CPU.ActiveCfg = Debug|Any CPU
		{80522340-3912-40AE-905A-AADD49CC570A}.Debug|Any CPU.Build.0 = Debug|Any CPU
		{80522340-3912-40AE-905A-AADD49CC570A}.Release|Any CPU.ActiveCfg = Release|Any CPU
		{80522340-3912-40AE-905A-AADD49CC570A}.Release|Any CPU.Build.0 = Release|Any CPU
		{4460943E-4BF6-4C3C-B04F-2950FEFB33FF}.Debug|Any CPU.ActiveCfg = Debug|Any CPU
		{4460943E-4BF6-4C3C-B04F-2950FEFB33FF}.Debug|Any CPU.Build.0 = Debug|Any CPU
		{4460943E-4BF6-4C3C-B04F-2950FEFB33FF}.Release|Any CPU.ActiveCfg = Release|Any CPU
		{4460943E-4BF6-4C3C-B04F-2950FEFB33FF}.Release|Any CPU.Build.0 = Release|Any CPU
		{7C6EE466-E47F-41AD-B1FC-9F996BB5A0A3}.Debug|Any CPU.ActiveCfg = Debug|Any CPU
		{7C6EE466-E47F-41AD-B1FC-9F996BB5A0A3}.Debug|Any CPU.Build.0 = Debug|Any CPU
		{7C6EE466-E47F-41AD-B1FC-9F996BB5A0A3}.Release|Any CPU.ActiveCfg = Release|Any CPU
		{7C6EE466-E47F-41AD-B1FC-9F996BB5A0A3}.Release|Any CPU.Build.0 = Release|Any CPU
		{0D876AFA-CE87-44C1-A071-9930552CEA23}.Debug|Any CPU.ActiveCfg = Debug|Any CPU
		{0D876AFA-CE87-44C1-A071-9930552CEA23}.Debug|Any CPU.Build.0 = Debug|Any CPU
		{0D876AFA-CE87-44C1-A071-9930552CEA23}.Release|Any CPU.ActiveCfg = Release|Any CPU
		{0D876AFA-CE87-44C1-A071-9930552CEA23}.Release|Any CPU.Build.0 = Release|Any CPU
		{30937AEF-1074-4ED1-9AD6-8DC1F755D524}.Debug|Any CPU.ActiveCfg = Debug|Any CPU
		{30937AEF-1074-4ED1-9AD6-8DC1F755D524}.Debug|Any CPU.Build.0 = Debug|Any CPU
		{30937AEF-1074-4ED1-9AD6-8DC1F755D524}.Release|Any CPU.ActiveCfg = Release|Any CPU
		{30937AEF-1074-4ED1-9AD6-8DC1F755D524}.Release|Any CPU.Build.0 = Release|Any CPU
		{0CFE66C2-95B7-4E4B-8B61-577AFABF36FD}.Debug|Any CPU.ActiveCfg = Debug|Any CPU
		{0CFE66C2-95B7-4E4B-8B61-577AFABF36FD}.Debug|Any CPU.Build.0 = Debug|Any CPU
		{0CFE66C2-95B7-4E4B-8B61-577AFABF36FD}.Release|Any CPU.ActiveCfg = Release|Any CPU
		{0CFE66C2-95B7-4E4B-8B61-577AFABF36FD}.Release|Any CPU.Build.0 = Release|Any CPU
		{0CE732BB-C823-4A5E-96BF-0D902995A1FE}.Debug|Any CPU.ActiveCfg = Debug|Any CPU
		{0CE732BB-C823-4A5E-96BF-0D902995A1FE}.Debug|Any CPU.Build.0 = Debug|Any CPU
		{0CE732BB-C823-4A5E-96BF-0D902995A1FE}.Release|Any CPU.ActiveCfg = Debug|Any CPU
		{0CE732BB-C823-4A5E-96BF-0D902995A1FE}.Release|Any CPU.Build.0 = Debug|Any CPU
		{2F7CA460-CB2A-48AB-BFA6-8C9261CA4A01}.Debug|Any CPU.ActiveCfg = Debug|Any CPU
		{2F7CA460-CB2A-48AB-BFA6-8C9261CA4A01}.Debug|Any CPU.Build.0 = Debug|Any CPU
		{2F7CA460-CB2A-48AB-BFA6-8C9261CA4A01}.Release|Any CPU.ActiveCfg = Release|Any CPU
		{2F7CA460-CB2A-48AB-BFA6-8C9261CA4A01}.Release|Any CPU.Build.0 = Release|Any CPU
		{C60F3CBF-E6C1-48CD-844A-71529F97850F}.Debug|Any CPU.ActiveCfg = Debug|Any CPU
		{C60F3CBF-E6C1-48CD-844A-71529F97850F}.Debug|Any CPU.Build.0 = Debug|Any CPU
		{C60F3CBF-E6C1-48CD-844A-71529F97850F}.Release|Any CPU.ActiveCfg = Release|Any CPU
		{C60F3CBF-E6C1-48CD-844A-71529F97850F}.Release|Any CPU.Build.0 = Release|Any CPU
		{FD3EBD3C-3911-4B88-B25E-7E68C2DA99D5}.Debug|Any CPU.ActiveCfg = Debug|Any CPU
		{FD3EBD3C-3911-4B88-B25E-7E68C2DA99D5}.Debug|Any CPU.Build.0 = Debug|Any CPU
		{FD3EBD3C-3911-4B88-B25E-7E68C2DA99D5}.Release|Any CPU.ActiveCfg = Release|Any CPU
		{FD3EBD3C-3911-4B88-B25E-7E68C2DA99D5}.Release|Any CPU.Build.0 = Release|Any CPU
		{0C06828A-F0BA-4132-B8E4-08A917A705CB}.Debug|Any CPU.ActiveCfg = Debug|Any CPU
		{0C06828A-F0BA-4132-B8E4-08A917A705CB}.Debug|Any CPU.Build.0 = Debug|Any CPU
		{0C06828A-F0BA-4132-B8E4-08A917A705CB}.Release|Any CPU.ActiveCfg = Release|Any CPU
		{0C06828A-F0BA-4132-B8E4-08A917A705CB}.Release|Any CPU.Build.0 = Release|Any CPU
		{E4440D56-58A6-4916-A449-1DB9C294FB6F}.Debug|Any CPU.ActiveCfg = Debug|Any CPU
		{E4440D56-58A6-4916-A449-1DB9C294FB6F}.Debug|Any CPU.Build.0 = Debug|Any CPU
		{E4440D56-58A6-4916-A449-1DB9C294FB6F}.Release|Any CPU.ActiveCfg = Debug|Any CPU
		{E4440D56-58A6-4916-A449-1DB9C294FB6F}.Release|Any CPU.Build.0 = Debug|Any CPU
		{4C000D8E-BD08-46A9-AA0D-E6686F1E7578}.Debug|Any CPU.ActiveCfg = Debug|Any CPU
		{4C000D8E-BD08-46A9-AA0D-E6686F1E7578}.Debug|Any CPU.Build.0 = Debug|Any CPU
		{4C000D8E-BD08-46A9-AA0D-E6686F1E7578}.Release|Any CPU.ActiveCfg = Release|Any CPU
		{4C000D8E-BD08-46A9-AA0D-E6686F1E7578}.Release|Any CPU.Build.0 = Release|Any CPU
		{0F5164B8-3A3B-4841-8585-4BC5FF46B560}.Debug|Any CPU.ActiveCfg = Debug|Any CPU
		{0F5164B8-3A3B-4841-8585-4BC5FF46B560}.Debug|Any CPU.Build.0 = Debug|Any CPU
		{0F5164B8-3A3B-4841-8585-4BC5FF46B560}.Release|Any CPU.ActiveCfg = Release|Any CPU
		{0F5164B8-3A3B-4841-8585-4BC5FF46B560}.Release|Any CPU.Build.0 = Release|Any CPU
		{11CD614A-4D16-4590-A54A-327D9B8F1404}.Debug|Any CPU.ActiveCfg = Debug|Any CPU
		{11CD614A-4D16-4590-A54A-327D9B8F1404}.Debug|Any CPU.Build.0 = Debug|Any CPU
		{11CD614A-4D16-4590-A54A-327D9B8F1404}.Release|Any CPU.ActiveCfg = Debug|Any CPU
		{11CD614A-4D16-4590-A54A-327D9B8F1404}.Release|Any CPU.Build.0 = Debug|Any CPU
		{E0CE35AE-94E6-44CE-A8A5-A1A140D436D4}.Debug|Any CPU.ActiveCfg = Debug|Any CPU
		{E0CE35AE-94E6-44CE-A8A5-A1A140D436D4}.Debug|Any CPU.Build.0 = Debug|Any CPU
		{E0CE35AE-94E6-44CE-A8A5-A1A140D436D4}.Release|Any CPU.ActiveCfg = Debug|Any CPU
		{E0CE35AE-94E6-44CE-A8A5-A1A140D436D4}.Release|Any CPU.Build.0 = Debug|Any CPU
		{7798EB88-D6FE-4C75-8823-8EBB8A9F259B}.Debug|Any CPU.ActiveCfg = Debug|Any CPU
		{7798EB88-D6FE-4C75-8823-8EBB8A9F259B}.Debug|Any CPU.Build.0 = Debug|Any CPU
		{7798EB88-D6FE-4C75-8823-8EBB8A9F259B}.Release|Any CPU.ActiveCfg = Release|Any CPU
		{7798EB88-D6FE-4C75-8823-8EBB8A9F259B}.Release|Any CPU.Build.0 = Release|Any CPU
		{22A1EF54-020C-459A-A899-3BEF49A76442}.Debug|Any CPU.ActiveCfg = Debug|Any CPU
		{22A1EF54-020C-459A-A899-3BEF49A76442}.Debug|Any CPU.Build.0 = Debug|Any CPU
		{22A1EF54-020C-459A-A899-3BEF49A76442}.Release|Any CPU.ActiveCfg = Release|Any CPU
		{22A1EF54-020C-459A-A899-3BEF49A76442}.Release|Any CPU.Build.0 = Release|Any CPU
		{F5781B6D-BC05-46D3-9298-A8AF33AC4D40}.Debug|Any CPU.ActiveCfg = Debug|Any CPU
		{F5781B6D-BC05-46D3-9298-A8AF33AC4D40}.Debug|Any CPU.Build.0 = Debug|Any CPU
		{F5781B6D-BC05-46D3-9298-A8AF33AC4D40}.Release|Any CPU.ActiveCfg = Release|Any CPU
		{F5781B6D-BC05-46D3-9298-A8AF33AC4D40}.Release|Any CPU.Build.0 = Release|Any CPU
		{1691EA27-6959-42BE-AA06-6ED029343E5A}.Debug|Any CPU.ActiveCfg = Debug|Any CPU
		{1691EA27-6959-42BE-AA06-6ED029343E5A}.Debug|Any CPU.Build.0 = Debug|Any CPU
		{1691EA27-6959-42BE-AA06-6ED029343E5A}.Release|Any CPU.ActiveCfg = Debug|Any CPU
		{1691EA27-6959-42BE-AA06-6ED029343E5A}.Release|Any CPU.Build.0 = Debug|Any CPU
		{C65D02D8-D2BF-49D4-BE9C-F3B44872B808}.Debug|Any CPU.ActiveCfg = Debug|Any CPU
		{C65D02D8-D2BF-49D4-BE9C-F3B44872B808}.Debug|Any CPU.Build.0 = Debug|Any CPU
		{C65D02D8-D2BF-49D4-BE9C-F3B44872B808}.Release|Any CPU.ActiveCfg = Release|Any CPU
		{C65D02D8-D2BF-49D4-BE9C-F3B44872B808}.Release|Any CPU.Build.0 = Release|Any CPU
		{4B816191-A4E5-4289-BD83-9407DC82887D}.Debug|Any CPU.ActiveCfg = Debug|Any CPU
		{4B816191-A4E5-4289-BD83-9407DC82887D}.Debug|Any CPU.Build.0 = Debug|Any CPU
		{4B816191-A4E5-4289-BD83-9407DC82887D}.Release|Any CPU.ActiveCfg = Debug|Any CPU
		{4B816191-A4E5-4289-BD83-9407DC82887D}.Release|Any CPU.Build.0 = Debug|Any CPU
	EndGlobalSection
	GlobalSection(SolutionProperties) = preSolution
		HideSolutionNode = FALSE
	EndGlobalSection
	GlobalSection(NestedProjects) = preSolution
		{A2035DDD-D509-4904-A771-B9EAA4D9CFA3} = {600D3039-28A2-4C66-80B0-4E050D5DEF29}
		{EC909A49-3481-4E2C-BF25-F3A42020AB55} = {600D3039-28A2-4C66-80B0-4E050D5DEF29}
		{818F970F-9516-476A-87FA-2288A33B1AAC} = {600D3039-28A2-4C66-80B0-4E050D5DEF29}
		{65499471-CAFD-4C18-AEEC-896255C87DA4} = {600D3039-28A2-4C66-80B0-4E050D5DEF29}
		{FD9B73E9-4F86-4E4E-B83A-E856143EF467} = {BAEB41C6-0DE6-468F-876F-BDAE68406CF2}
		{74D8067E-9BC1-4BCE-822E-265853924E50} = {BAEB41C6-0DE6-468F-876F-BDAE68406CF2}
		{86791DEF-EED8-4E12-AB83-08EF3B3986E1} = {50A623B7-8245-4570-A168-D167671770E2}
		{8E0AB751-3C71-41FE-A183-D5C6FF3A97D2} = {50A623B7-8245-4570-A168-D167671770E2}
		{8BE066DF-1506-48D4-9357-B13F8A9C0574} = {04CBCAEE-5CDD-43CD-AB11-760C19CA2C38}
		{B3104843-5338-482B-A272-19362ADE7AB4} = {04CBCAEE-5CDD-43CD-AB11-760C19CA2C38}
		{9E38A5F6-E28D-4E8F-A874-32337DD744F3} = {04CBCAEE-5CDD-43CD-AB11-760C19CA2C38}
		{327A8776-69EC-4E2D-A61A-DD496E1E87CB} = {04CBCAEE-5CDD-43CD-AB11-760C19CA2C38}
		{DF780829-B4FF-41A2-8159-E03B0030BC2D} = {600D3039-28A2-4C66-80B0-4E050D5DEF29}
		{2D1AE720-3B08-4BF1-B47B-A1360DCBEE83} = {04CBCAEE-5CDD-43CD-AB11-760C19CA2C38}
		{BBCC1497-F609-4316-A377-548C6BACA7DD} = {600D3039-28A2-4C66-80B0-4E050D5DEF29}
		{55CD6FD0-67DC-4572-983F-5C78747BF17E} = {0DE82D59-8915-4E84-A511-18745EC0A55F}
		{68C54413-7B5E-4438-BDD8-E7B431DF7745} = {0DE82D59-8915-4E84-A511-18745EC0A55F}
		{80522340-3912-40AE-905A-AADD49CC570A} = {0DE82D59-8915-4E84-A511-18745EC0A55F}
		{4460943E-4BF6-4C3C-B04F-2950FEFB33FF} = {0DE82D59-8915-4E84-A511-18745EC0A55F}
		{7C6EE466-E47F-41AD-B1FC-9F996BB5A0A3} = {FDECC934-DB10-45AC-B276-A4F8B5BA9887}
		{0D876AFA-CE87-44C1-A071-9930552CEA23} = {FDECC934-DB10-45AC-B276-A4F8B5BA9887}
		{30937AEF-1074-4ED1-9AD6-8DC1F755D524} = {FDECC934-DB10-45AC-B276-A4F8B5BA9887}
		{0CFE66C2-95B7-4E4B-8B61-577AFABF36FD} = {FDECC934-DB10-45AC-B276-A4F8B5BA9887}
		{0CE732BB-C823-4A5E-96BF-0D902995A1FE} = {99B95895-2723-43F5-8CBE-1FE5E4DC1374}
		{2F7CA460-CB2A-48AB-BFA6-8C9261CA4A01} = {99B95895-2723-43F5-8CBE-1FE5E4DC1374}
		{C60F3CBF-E6C1-48CD-844A-71529F97850F} = {99B95895-2723-43F5-8CBE-1FE5E4DC1374}
		{FD3EBD3C-3911-4B88-B25E-7E68C2DA99D5} = {99B95895-2723-43F5-8CBE-1FE5E4DC1374}
		{E4440D56-58A6-4916-A449-1DB9C294FB6F} = {0C003E87-1ADA-401A-8B04-175AA9E7B907}
		{0F5164B8-3A3B-4841-8585-4BC5FF46B560} = {8EA4C3C7-26F3-431D-82CD-0A5C4F278840}
		{11CD614A-4D16-4590-A54A-327D9B8F1404} = {8EA4C3C7-26F3-431D-82CD-0A5C4F278840}
		{8EA4C3C7-26F3-431D-82CD-0A5C4F278840} = {0C003E87-1ADA-401A-8B04-175AA9E7B907}
		{2EC34C47-7E9D-4487-BD47-5E794947BEF1} = {0C003E87-1ADA-401A-8B04-175AA9E7B907}
		{E0CE35AE-94E6-44CE-A8A5-A1A140D436D4} = {2EC34C47-7E9D-4487-BD47-5E794947BEF1}
		{7798EB88-D6FE-4C75-8823-8EBB8A9F259B} = {33246BC8-24AD-4BFE-8FC9-089565ECE4C3}
		{22A1EF54-020C-459A-A899-3BEF49A76442} = {33246BC8-24AD-4BFE-8FC9-089565ECE4C3}
		{F5781B6D-BC05-46D3-9298-A8AF33AC4D40} = {33246BC8-24AD-4BFE-8FC9-089565ECE4C3}
		{1691EA27-6959-42BE-AA06-6ED029343E5A} = {33246BC8-24AD-4BFE-8FC9-089565ECE4C3}
		{C65D02D8-D2BF-49D4-BE9C-F3B44872B808} = {33246BC8-24AD-4BFE-8FC9-089565ECE4C3}
		{4B816191-A4E5-4289-BD83-9407DC82887D} = {8EA4C3C7-26F3-431D-82CD-0A5C4F278840}
	EndGlobalSection
	GlobalSection(ExtensibilityGlobals) = postSolution
		SolutionGuid = {039C2DDD-2AF1-4968-B2EF-A133A505BCD9}
	EndGlobalSection
EndGlobal
